Microsoft Visual Studio Solution File, Format Version 12.00
# Visual Studio 15
VisualStudioVersion = 15.0.28306.52
MinimumVisualStudioVersion = 10.0.40219.1
Project("{FAE04EC0-301F-11D3-BF4B-00C04F79EFBC}") = "AppiumBetaMSTest", "AppiumOnDotNetFramework\AppiumBetaMSTest.csproj", "{44B81F22-100A-4DF4-9473-26582250CF25}"
EndProject
Project("{FAE04EC0-301F-11D3-BF4B-00C04F79EFBC}") = "Common", "Common\Common.csproj", "{BE3EF376-360B-4B9C-BB24-E6C3B9545E4D}"
EndProject
Project("{FAE04EC0-301F-11D3-BF4B-00C04F79EFBC}") = "SeleniumNunitTests", "SeleniumNunit\SeleniumNunitTests.csproj", "{D0544BBB-85D0-4BD0-82E2-2AC1C6BBBCF5}"
EndProject
Project("{9A19103F-16F7-4668-BE54-9A1E7A4F7556}") = "WebApplication", "WebApplication\WebApplication.csproj", "{0744708F-410B-468C-9AE4-856AC986F091}"
EndProject
Project("{2150E333-8FDC-42A3-9474-1A3956D46DE8}") = "Solution Items", "Solution Items", "{02D1155D-7E24-485D-84E5-043B79A04B74}"
	ProjectSection(SolutionItems) = preProject
		..\setEnvironmentVariables.ps1 = ..\setEnvironmentVariables.ps1
	EndProjectSection
EndProject
Project("{9A19103F-16F7-4668-BE54-9A1E7A4F7556}") = "Integration.Tests", "Integration.Tests\Integration.Tests.csproj", "{62A7DD76-7155-4294-841E-014727F25CB0}"
EndProject
Project("{2150E333-8FDC-42A3-9474-1A3956D46DE8}") = "SampleApp", "SampleApp", "{E1AE3262-10C1-4643-A426-F963ECF8AC79}"
EndProject
Project("{FAE04EC0-301F-11D3-BF4B-00C04F79EFBC}") = "Web.Tests", "Web.Tests\Web.Tests.csproj", "{7B1C4CE7-45E7-436A-96D2-79493B1274ED}"
EndProject
Project("{FAE04EC0-301F-11D3-BF4B-00C04F79EFBC}") = "Unit.Tests", "Unit.Tests\Unit.Tests.csproj", "{A3915017-BB6F-42E9-8363-4E2A189F90A2}"
EndProject
Project("{FAE04EC0-301F-11D3-BF4B-00C04F79EFBC}") = "AppiumMsTest", "AppiumLatestOnDotNetFramework\AppiumMsTest.csproj", "{99F99E3A-B9A8-46D8-AC32-FC40552D04CC}"
EndProject
Project("{FAE04EC0-301F-11D3-BF4B-00C04F79EFBC}") = "SeleniumMsTest", "SeleniumMsTest\SeleniumMsTest.csproj", "{8EAC3C5C-FDF4-4A85-BFE9-19EB8B30E989}"
EndProject
Project("{2150E333-8FDC-42A3-9474-1A3956D46DE8}") = "Posh", "Posh", "{B4AB832A-65EC-44FF-B136-197A2DA8E74B}"
	ProjectSection(SolutionItems) = preProject
		..\Test-SauceConnectState.ps1 = ..\Test-SauceConnectState.ps1
		..\Test-SauceConnectState.Tests.ps1 = ..\Test-SauceConnectState.Tests.ps1
	EndProjectSection
EndProject
Global
	GlobalSection(SolutionConfigurationPlatforms) = preSolution
		Debug|Any CPU = Debug|Any CPU
		Release|Any CPU = Release|Any CPU
	EndGlobalSection
	GlobalSection(ProjectConfigurationPlatforms) = postSolution
		{44B81F22-100A-4DF4-9473-26582250CF25}.Debug|Any CPU.ActiveCfg = Debug|Any CPU
		{44B81F22-100A-4DF4-9473-26582250CF25}.Debug|Any CPU.Build.0 = Debug|Any CPU
		{44B81F22-100A-4DF4-9473-26582250CF25}.Release|Any CPU.ActiveCfg = Release|Any CPU
		{44B81F22-100A-4DF4-9473-26582250CF25}.Release|Any CPU.Build.0 = Release|Any CPU
		{BE3EF376-360B-4B9C-BB24-E6C3B9545E4D}.Debug|Any CPU.ActiveCfg = Debug|Any CPU
		{BE3EF376-360B-4B9C-BB24-E6C3B9545E4D}.Debug|Any CPU.Build.0 = Debug|Any CPU
		{BE3EF376-360B-4B9C-BB24-E6C3B9545E4D}.Release|Any CPU.ActiveCfg = Release|Any CPU
		{BE3EF376-360B-4B9C-BB24-E6C3B9545E4D}.Release|Any CPU.Build.0 = Release|Any CPU
		{D0544BBB-85D0-4BD0-82E2-2AC1C6BBBCF5}.Debug|Any CPU.ActiveCfg = Debug|Any CPU
		{D0544BBB-85D0-4BD0-82E2-2AC1C6BBBCF5}.Debug|Any CPU.Build.0 = Debug|Any CPU
		{D0544BBB-85D0-4BD0-82E2-2AC1C6BBBCF5}.Release|Any CPU.ActiveCfg = Release|Any CPU
		{D0544BBB-85D0-4BD0-82E2-2AC1C6BBBCF5}.Release|Any CPU.Build.0 = Release|Any CPU
		{0744708F-410B-468C-9AE4-856AC986F091}.Debug|Any CPU.ActiveCfg = Debug|Any CPU
		{0744708F-410B-468C-9AE4-856AC986F091}.Debug|Any CPU.Build.0 = Debug|Any CPU
		{0744708F-410B-468C-9AE4-856AC986F091}.Release|Any CPU.ActiveCfg = Release|Any CPU
		{0744708F-410B-468C-9AE4-856AC986F091}.Release|Any CPU.Build.0 = Release|Any CPU
		{62A7DD76-7155-4294-841E-014727F25CB0}.Debug|Any CPU.ActiveCfg = Debug|Any CPU
		{62A7DD76-7155-4294-841E-014727F25CB0}.Debug|Any CPU.Build.0 = Debug|Any CPU
		{62A7DD76-7155-4294-841E-014727F25CB0}.Release|Any CPU.ActiveCfg = Release|Any CPU
		{62A7DD76-7155-4294-841E-014727F25CB0}.Release|Any CPU.Build.0 = Release|Any CPU
		{7B1C4CE7-45E7-436A-96D2-79493B1274ED}.Debug|Any CPU.ActiveCfg = Debug|Any CPU
		{7B1C4CE7-45E7-436A-96D2-79493B1274ED}.Debug|Any CPU.Build.0 = Debug|Any CPU
		{7B1C4CE7-45E7-436A-96D2-79493B1274ED}.Release|Any CPU.ActiveCfg = Release|Any CPU
		{7B1C4CE7-45E7-436A-96D2-79493B1274ED}.Release|Any CPU.Build.0 = Release|Any CPU
		{A3915017-BB6F-42E9-8363-4E2A189F90A2}.Debug|Any CPU.ActiveCfg = Debug|Any CPU
		{A3915017-BB6F-42E9-8363-4E2A189F90A2}.Debug|Any CPU.Build.0 = Debug|Any CPU
		{A3915017-BB6F-42E9-8363-4E2A189F90A2}.Release|Any CPU.ActiveCfg = Release|Any CPU
		{A3915017-BB6F-42E9-8363-4E2A189F90A2}.Release|Any CPU.Build.0 = Release|Any CPU
		{99F99E3A-B9A8-46D8-AC32-FC40552D04CC}.Debug|Any CPU.ActiveCfg = Debug|Any CPU
		{99F99E3A-B9A8-46D8-AC32-FC40552D04CC}.Debug|Any CPU.Build.0 = Debug|Any CPU
		{99F99E3A-B9A8-46D8-AC32-FC40552D04CC}.Release|Any CPU.ActiveCfg = Release|Any CPU
		{99F99E3A-B9A8-46D8-AC32-FC40552D04CC}.Release|Any CPU.Build.0 = Release|Any CPU
		{8EAC3C5C-FDF4-4A85-BFE9-19EB8B30E989}.Debug|Any CPU.ActiveCfg = Debug|Any CPU
		{8EAC3C5C-FDF4-4A85-BFE9-19EB8B30E989}.Debug|Any CPU.Build.0 = Debug|Any CPU
		{8EAC3C5C-FDF4-4A85-BFE9-19EB8B30E989}.Release|Any CPU.ActiveCfg = Release|Any CPU
		{8EAC3C5C-FDF4-4A85-BFE9-19EB8B30E989}.Release|Any CPU.Build.0 = Release|Any CPU
	EndGlobalSection
	GlobalSection(SolutionProperties) = preSolution
		HideSolutionNode = FALSE
	EndGlobalSection
	GlobalSection(NestedProjects) = preSolution
		{7B1C4CE7-45E7-436A-96D2-79493B1274ED} = {E1AE3262-10C1-4643-A426-F963ECF8AC79}
		{B4AB832A-65EC-44FF-B136-197A2DA8E74B} = {02D1155D-7E24-485D-84E5-043B79A04B74}
	EndGlobalSection
	GlobalSection(ExtensibilityGlobals) = postSolution
		SolutionGuid = {6019E59C-E9C4-4734-90C4-B49A0CCF0A59}
	EndGlobalSection
EndGlobal
